dependencies:
- name: portal
  repository: https://eclipse-tractusx.github.io/charts/dev
  version: 2.3.0
- name: centralidp
  repository: https://eclipse-tractusx.github.io/charts/dev
  version: 4.0.1
- name: sharedidp
  repository: https://eclipse-tractusx.github.io/charts/dev
  version: 4.0.1
- name: discoveryfinder
  repository: https://eclipse-tractusx.github.io/charts/dev
  version: 0.4.2
- name: bpndiscovery
  repository: https://eclipse-tractusx.github.io/charts/dev
  version: 0.4.2
- name: sdfactory
  repository: https://eclipse-tractusx.github.io/charts/dev
  version: 2.1.22
- name: ssi-credential-issuer
  repository: https://eclipse-tractusx.github.io/charts/dev
  version: 1.2.0
- name: semantic-hub
  repository: https://eclipse-tractusx.github.io/charts/dev
  version: 0.4.4
- name: bpdm
  repository: https://eclipse-tractusx.github.io/charts/dev
  version: 5.2.0
- name: tx-data-provider
  repository: file://../tx-data-provider
  version: 0.1.5
- name: tx-data-provider
  repository: file://../tx-data-provider
  version: 0.1.5
- name: tx-data-provider
  repository: file://../tx-data-provider
  version: 0.1.5
- name: pgadmin4
  repository: https://helm.runix.net
  version: 1.25.3
- name: bdrs-server-memory
  repository: https://eclipse-tractusx.github.io/charts/dev
  version: 0.5.2
- name: ssi-dim-wallet-stub
  repository: file://../ssi-dim-wallet-stub
  version: 0.1.8
- name: tx-data-provider
  repository: file://../tx-data-provider
  version: 0.1.5
digest: sha256:d3c6246e7d7c78309cb06b68d859fcd9f9af394fdadbd99e08ed9f56c7d1690c
generated: "2025-04-16T10:54:26.815013214+02:00"
