dependencies:
- name: digital-twin-registry
  repository: https://eclipse-tractusx.github.io/charts/dev
  version: 0.6.3
- name: simple-data-backend
  repository: https://eclipse-tractusx.github.io/charts/dev
  version: 0.1.0
- name: tractusx-connector
  repository: https://eclipse-tractusx.github.io/charts/dev
  version: 0.8.0
- name: vault
  repository: https://helm.releases.hashicorp.com
  version: 0.20.0
digest: sha256:b217891b574a2c11f2f308a1e86ba2fc5b82ff1caf209a36548d26f391b61106
generated: "2025-04-08T11:24:25.125961839+02:00"
